
Microsoft Visual Studio Solution File, Format Version 12.00
# Visual Studio 15
VisualStudioVersion = 15.0.27703.2042
MinimumVisualStudioVersion = 10.0.40219.1
Project("{FAE04EC0-301F-11D3-BF4B-00C04F79EFBC}") = "artfulplace.Helleborus", "artfulplace.Helleborus\artfulplace.Helleborus.csproj", "{844A9CA5-8AC7-43A4-917F-F3A3F7CE8124}"
EndProject
Project("{FAE04EC0-301F-11D3-BF4B-00C04F79EFBC}") = "artfulplace.Helleborus.Sample", "artfulplace.Helleborus.Sample\artfulplace.Helleborus.Sample.csproj", "{22ADAC2D-FFBB-4C1D-ACAA-09A355569727}"
EndProject
Global
	GlobalSection(SolutionConfigurationPlatforms) = preSolution
		Debug|Any CPU = Debug|Any CPU
		Release|Any CPU = Release|Any CPU
	EndGlobalSection
	GlobalSection(ProjectConfigurationPlatforms) = postSolution
		{844A9CA5-8AC7-43A4-917F-F3A3F7CE8124}.Debug|Any CPU.ActiveCfg = Debug|Any CPU
		{844A9CA5-8AC7-43A4-917F-F3A3F7CE8124}.Debug|Any CPU.Build.0 = Debug|Any CPU
		{844A9CA5-8AC7-43A4-917F-F3A3F7CE8124}.Release|Any CPU.ActiveCfg = Release|Any CPU
		{844A9CA5-8AC7-43A4-917F-F3A3F7CE8124}.Release|Any CPU.Build.0 = Release|Any CPU
		{22ADAC2D-FFBB-4C1D-ACAA-09A355569727}.Debug|Any CPU.ActiveCfg = Debug|Any CPU
		{22ADAC2D-FFBB-4C1D-ACAA-09A355569727}.Debug|Any CPU.Build.0 = Debug|Any CPU
		{22ADAC2D-FFBB-4C1D-ACAA-09A355569727}.Release|Any CPU.ActiveCfg = Release|Any CPU
		{22ADAC2D-FFBB-4C1D-ACAA-09A355569727}.Release|Any CPU.Build.0 = Release|Any CPU
	EndGlobalSection
	GlobalSection(SolutionProperties) = preSolution
		HideSolutionNode = FALSE
	EndGlobalSection
	GlobalSection(ExtensibilityGlobals) = postSolution
		SolutionGuid = {D528F610-BE36-4307-96F4-78849CED82AD}
	EndGlobalSection
EndGlobal
